
Microsoft Visual Studio Solution File, Format Version 12.00
# Visual Studio 15
VisualStudioVersion = 15.0.28307.329
MinimumVisualStudioVersion = 10.0.40219.1
Project("{FAE04EC0-301F-11D3-BF4B-00C04F79EFBC}") = "Task 001", "Task 001\Task 001.csproj", "{E20C8F54-BF80-4A77-8E20-CCA32B0AB21F}"
EndProject
Global
	GlobalSection(SolutionConfigurationPlatforms) = preSolution
		Debug|Any CPU = Debug|Any CPU
		Release|Any CPU = Release|Any CPU
	EndGlobalSection
	GlobalSection(ProjectConfigurationPlatforms) = postSolution
		{E20C8F54-BF80-4A77-8E20-CCA32B0AB21F}.Debug|Any CPU.ActiveCfg = Debug|Any CPU
		{E20C8F54-BF80-4A77-8E20-CCA32B0AB21F}.Debug|Any CPU.Build.0 = Debug|Any CPU
		{E20C8F54-BF80-4A77-8E20-CCA32B0AB21F}.Release|Any CPU.ActiveCfg = Release|Any CPU
		{E20C8F54-BF80-4A77-8E20-CCA32B0AB21F}.Release|Any CPU.Build.0 = Release|Any CPU
	EndGlobalSection
	GlobalSection(SolutionProperties) = preSolution
		HideSolutionNode = FALSE
	EndGlobalSection
	GlobalSection(ExtensibilityGlobals) = postSolution
		SolutionGuid = {65A9C411-B69D-46EE-ACB6-9A3871CB49BA}
	EndGlobalSection
EndGlobal
